
Microsoft Visual Studio Solution File, Format Version 12.00
# Visual Studio 15
VisualStudioVersion = 15.0.26730.12
MinimumVisualStudioVersion = 10.0.40219.1
Project("{FAE04EC0-301F-11D3-BF4B-00C04F79EFBC}") = "NinjaDomain.Classes", "NinjaDomain.Classes\NinjaDomain.Classes.csproj", "{C07E5F6E-ACF8-4E2C-9A50-251A77543FD0}"
EndProject
Project("{FAE04EC0-301F-11D3-BF4B-00C04F79EFBC}") = "NinjaDomain.DataModel", "NinjaDomain.DataModel\NinjaDomain.DataModel.csproj", "{2DDAD101-0565-499C-A7D4-8F6E8CBA905E}"
EndProject
Global
	GlobalSection(SolutionConfigurationPlatforms) = preSolution
		Debug|Any CPU = Debug|Any CPU
		Release|Any CPU = Release|Any CPU
	EndGlobalSection
	GlobalSection(ProjectConfigurationPlatforms) = postSolution
		{C07E5F6E-ACF8-4E2C-9A50-251A77543FD0}.Debug|Any CPU.ActiveCfg = Debug|Any CPU
		{C07E5F6E-ACF8-4E2C-9A50-251A77543FD0}.Debug|Any CPU.Build.0 = Debug|Any CPU
		{C07E5F6E-ACF8-4E2C-9A50-251A77543FD0}.Release|Any CPU.ActiveCfg = Release|Any CPU
		{C07E5F6E-ACF8-4E2C-9A50-251A77543FD0}.Release|Any CPU.Build.0 = Release|Any CPU
		{2DDAD101-0565-499C-A7D4-8F6E8CBA905E}.Debug|Any CPU.ActiveCfg = Debug|Any CPU
		{2DDAD101-0565-499C-A7D4-8F6E8CBA905E}.Debug|Any CPU.Build.0 = Debug|Any CPU
		{2DDAD101-0565-499C-A7D4-8F6E8CBA905E}.Release|Any CPU.ActiveCfg = Release|Any CPU
		{2DDAD101-0565-499C-A7D4-8F6E8CBA905E}.Release|Any CPU.Build.0 = Release|Any CPU
	EndGlobalSection
	GlobalSection(SolutionProperties) = preSolution
		HideSolutionNode = FALSE
	EndGlobalSection
	GlobalSection(ExtensibilityGlobals) = postSolution
		SolutionGuid = {97CCCA7C-85FC-48E5-B2CB-92C210009ABF}
	EndGlobalSection
EndGlobal
